Microsoft Visual Studio Solution File, Format Version 12.00
# Visual Studio Version 16
VisualStudioVersion = 16.0.30128.74
MinimumVisualStudioVersion = 10.0.40219.1
Project("{FAE04EC0-301F-11D3-BF4B-00C04F79EFBC}") = "ObsStudioPlugin", "ObsPlugin\ObsStudioPlugin.csproj", "{162A9B7F-0A18-47E8-B039-0AA4C924EA5B}"
EndProject
Project("{FAE04EC0-301F-11D3-BF4B-00C04F79EFBC}") = "obs-websocket-dotnet", "obs-websocket\obs-websocket-dotnet\obs-websocket-dotnet.csproj", "{C8668815-F21E-49C0-8F1A-58BC698153AF}"
EndProject
Global
	GlobalSection(SolutionConfigurationPlatforms) = preSolution
		Debug|Any CPU = Debug|Any CPU
		Release|Any CPU = Release|Any CPU
	EndGlobalSection
	GlobalSection(ProjectConfigurationPlatforms) = postSolution
		{162A9B7F-0A18-47E8-B039-0AA4C924EA5B}.Debug|Any CPU.ActiveCfg = Debug|Any CPU
		{162A9B7F-0A18-47E8-B039-0AA4C924EA5B}.Debug|Any CPU.Build.0 = Debug|Any CPU
		{162A9B7F-0A18-47E8-B039-0AA4C924EA5B}.Release|Any CPU.ActiveCfg = Release|Any CPU
		{162A9B7F-0A18-47E8-B039-0AA4C924EA5B}.Release|Any CPU.Build.0 = Release|Any CPU
		{C8668815-F21E-49C0-8F1A-58BC698153AF}.Debug|Any CPU.ActiveCfg = Debug|Any CPU
		{C8668815-F21E-49C0-8F1A-58BC698153AF}.Debug|Any CPU.Build.0 = Debug|Any CPU
		{C8668815-F21E-49C0-8F1A-58BC698153AF}.Release|Any CPU.ActiveCfg = Release|Any CPU
		{C8668815-F21E-49C0-8F1A-58BC698153AF}.Release|Any CPU.Build.0 = Release|Any CPU
	EndGlobalSection
	GlobalSection(SolutionProperties) = preSolution
		HideSolutionNode = FALSE
	EndGlobalSection
	GlobalSection(ExtensibilityGlobals) = postSolution
		SolutionGuid = {0DE30BA4-E837-4A75-95C4-B2A16E81399A}
	EndGlobalSection
EndGlobal
